
Microsoft Visual Studio Solution File, Format Version 12.00
# Visual Studio Version 17
VisualStudioVersion = 17.4.33213.308
MinimumVisualStudioVersion = 10.0.40219.1
Project("{FAE04EC0-301F-11D3-BF4B-00C04F79EFBC}") = "Eventcalendar", "Eventcalendar\Eventcalendar.csproj", "{0C61BFB3-C90E-4069-B588-4135551D6AAA}"
EndProject
Global
	GlobalSection(SolutionConfigurationPlatforms) = preSolution
		Debug|Any CPU = Debug|Any CPU
		Release|Any CPU = Release|Any CPU
	EndGlobalSection
	GlobalSection(ProjectConfigurationPlatforms) = postSolution
		{0C61BFB3-C90E-4069-B588-4135551D6AAA}.Debug|Any CPU.ActiveCfg = Debug|Any CPU
		{0C61BFB3-C90E-4069-B588-4135551D6AAA}.Debug|Any CPU.Build.0 = Debug|Any CPU
		{0C61BFB3-C90E-4069-B588-4135551D6AAA}.Release|Any CPU.ActiveCfg = Release|Any CPU
		{0C61BFB3-C90E-4069-B588-4135551D6AAA}.Release|Any CPU.Build.0 = Release|Any CPU
	EndGlobalSection
	GlobalSection(SolutionProperties) = preSolution
		HideSolutionNode = FALSE
	EndGlobalSection
	GlobalSection(ExtensibilityGlobals) = postSolution
		SolutionGuid = {65391B82-EC88-4A94-BBC0-7D4FEB164A45}
	EndGlobalSection
EndGlobal
